
Microsoft Visual Studio Solution File, Format Version 12.00
# Visual Studio 15
VisualStudioVersion = 15.0.27130.2026
MinimumVisualStudioVersion = 10.0.40219.1
Project("{8BC9CEB8-8B4A-11D0-8D11-00A0C91BC942}") = "app", "app.vcxproj", "{24BB4D32-A7AB-4926-82FA-4DA5E3CB50AB}"
EndProject
Project("{8BC9CEB8-8B4A-11D0-8D11-00A0C91BC942}") = "UnitTest1", "UnitTest1\UnitTest1.vcxproj", "{2199B4F1-81A4-4DDD-977E-4625AA17B6DF}"
EndProject
Project("{8BC9CEB8-8B4A-11D0-8D11-00A0C91BC942}") = "Project1", "Project1\Project1.vcxproj", "{52B02172-D568-4B1E-80A3-2691CA54FC9A}"
EndProject
Project("{8BC9CEB8-8B4A-11D0-8D11-00A0C91BC942}") = "WindowsProject1", "WindowsProject1\WindowsProject1.vcxproj", "{E4F22515-F55B-4A41-A58C-E9E703811BB5}"
EndProject
Project("{8BC9CEB8-8B4A-11D0-8D11-00A0C91BC942}") = "Application", "Application\Application.vcxproj", "{3EA298D6-3BF4-4894-8FB6-A7ECA2DF22F0}"
EndProject
Global
	GlobalSection(SolutionConfigurationPlatforms) = preSolution
		Debug|x64 = Debug|x64
		Debug|x86 = Debug|x86
		Release|x64 = Release|x64
		Release|x86 = Release|x86
	EndGlobalSection
	GlobalSection(ProjectConfigurationPlatforms) = postSolution
		{24BB4D32-A7AB-4926-82FA-4DA5E3CB50AB}.Debug|x64.ActiveCfg = Debug|x64
		{24BB4D32-A7AB-4926-82FA-4DA5E3CB50AB}.Debug|x64.Build.0 = Debug|x64
		{24BB4D32-A7AB-4926-82FA-4DA5E3CB50AB}.Debug|x86.ActiveCfg = Debug|Win32
		{24BB4D32-A7AB-4926-82FA-4DA5E3CB50AB}.Debug|x86.Build.0 = Debug|Win32
		{24BB4D32-A7AB-4926-82FA-4DA5E3CB50AB}.Release|x64.ActiveCfg = Release|x64
		{24BB4D32-A7AB-4926-82FA-4DA5E3CB50AB}.Release|x64.Build.0 = Release|x64
		{24BB4D32-A7AB-4926-82FA-4DA5E3CB50AB}.Release|x86.ActiveCfg = Release|Win32
		{24BB4D32-A7AB-4926-82FA-4DA5E3CB50AB}.Release|x86.Build.0 = Release|Win32
		{2199B4F1-81A4-4DDD-977E-4625AA17B6DF}.Debug|x64.ActiveCfg = Debug|x64
		{2199B4F1-81A4-4DDD-977E-4625AA17B6DF}.Debug|x64.Build.0 = Debug|x64
		{2199B4F1-81A4-4DDD-977E-4625AA17B6DF}.Debug|x86.ActiveCfg = Debug|Win32
		{2199B4F1-81A4-4DDD-977E-4625AA17B6DF}.Debug|x86.Build.0 = Debug|Win32
		{2199B4F1-81A4-4DDD-977E-4625AA17B6DF}.Release|x64.ActiveCfg = Release|x64
		{2199B4F1-81A4-4DDD-977E-4625AA17B6DF}.Release|x64.Build.0 = Release|x64
		{2199B4F1-81A4-4DDD-977E-4625AA17B6DF}.Release|x86.ActiveCfg = Release|Win32
		{2199B4F1-81A4-4DDD-977E-4625AA17B6DF}.Release|x86.Build.0 = Release|Win32
		{52B02172-D568-4B1E-80A3-2691CA54FC9A}.Debug|x64.ActiveCfg = Debug|x64
		{52B02172-D568-4B1E-80A3-2691CA54FC9A}.Debug|x64.Build.0 = Debug|x64
		{52B02172-D568-4B1E-80A3-2691CA54FC9A}.Debug|x86.ActiveCfg = Debug|Win32
		{52B02172-D568-4B1E-80A3-2691CA54FC9A}.Debug|x86.Build.0 = Debug|Win32
		{52B02172-D568-4B1E-80A3-2691CA54FC9A}.Release|x64.ActiveCfg = Release|x64
		{52B02172-D568-4B1E-80A3-2691CA54FC9A}.Release|x64.Build.0 = Release|x64
		{52B02172-D568-4B1E-80A3-2691CA54FC9A}.Release|x86.ActiveCfg = Release|Win32
		{52B02172-D568-4B1E-80A3-2691CA54FC9A}.Release|x86.Build.0 = Release|Win32
		{E4F22515-F55B-4A41-A58C-E9E703811BB5}.Debug|x64.ActiveCfg = Debug|x64
		{E4F22515-F55B-4A41-A58C-E9E703811BB5}.Debug|x64.Build.0 = Debug|x64
		{E4F22515-F55B-4A41-A58C-E9E703811BB5}.Debug|x86.ActiveCfg = Debug|Win32
		{E4F22515-F55B-4A41-A58C-E9E703811BB5}.Debug|x86.Build.0 = Debug|Win32
		{E4F22515-F55B-4A41-A58C-E9E703811BB5}.Release|x64.ActiveCfg = Release|x64
		{E4F22515-F55B-4A41-A58C-E9E703811BB5}.Release|x64.Build.0 = Release|x64
		{E4F22515-F55B-4A41-A58C-E9E703811BB5}.Release|x86.ActiveCfg = Release|Win32
		{E4F22515-F55B-4A41-A58C-E9E703811BB5}.Release|x86.Build.0 = Release|Win32
		{3EA298D6-3BF4-4894-8FB6-A7ECA2DF22F0}.Debug|x64.ActiveCfg = Debug|x64
		{3EA298D6-3BF4-4894-8FB6-A7ECA2DF22F0}.Debug|x64.Build.0 = Debug|x64
		{3EA298D6-3BF4-4894-8FB6-A7ECA2DF22F0}.Debug|x86.ActiveCfg = Debug|Win32
		{3EA298D6-3BF4-4894-8FB6-A7ECA2DF22F0}.Debug|x86.Build.0 = Debug|Win32
		{3EA298D6-3BF4-4894-8FB6-A7ECA2DF22F0}.Release|x64.ActiveCfg = Release|x64
		{3EA298D6-3BF4-4894-8FB6-A7ECA2DF22F0}.Release|x64.Build.0 = Release|x64
		{3EA298D6-3BF4-4894-8FB6-A7ECA2DF22F0}.Release|x86.ActiveCfg = Release|Win32
		{3EA298D6-3BF4-4894-8FB6-A7ECA2DF22F0}.Release|x86.Build.0 = Release|Win32
	EndGlobalSection
	GlobalSection(SolutionProperties) = preSolution
		HideSolutionNode = FALSE
	EndGlobalSection
	GlobalSection(ExtensibilityGlobals) = postSolution
		SolutionGuid = {BCD3BA56-DA4A-43A8-AFD9-1299907DE863}
	EndGlobalSection
EndGlobal
